{
    "name": "castv2-device-monitor",
    "version": "1.3.1",
    "lockfileVersion": 1,
    "requires": true,
    "dependencies": {
        "@types/debug": {
            "version": "0.0.30",
            "resolved": "https://registry.npmjs.org/@types/debug/-/debug-0.0.30.tgz",
            "integrity": "sha512-orGL5LXERPYsLov6CWs3Fh6203+dXzJkR7OnddIr2514Hsecwc8xRpzCapshBbKFImCsvS/mk6+FWiN5LyZJAQ==",
            "dev": true
        },
        "@types/node": {
            "version": "8.10.25",
            "resolved": "https://registry.npmjs.org/@types/node/-/node-8.10.25.tgz",
            "integrity": "sha512-WXvAXaknB0c2cJ7N44e1kUrVu5K90mSfPPaT5XxfuSMxEWva86EYIwxUZM3jNZ2P1CIC9e2z4WJqpAF69PQxeA==",
            "dev": true
        },
        "ascli": {
            "version": "0.3.0",
            "resolved": "https://registry.npmjs.org/ascli/-/ascli-0.3.0.tgz",
            "integrity": "sha1-XmYjDlIZ/j6JUqTvtPIPrllqgTo=",
            "requires": {
                "colour": "0.7.1",
                "optjs": "3.2.2"
            }
        },
        "bufferview": {
            "version": "1.0.1",
            "resolved": "https://registry.npmjs.org/bufferview/-/bufferview-1.0.1.tgz",
            "integrity": "sha1-ev10pF+Tf6QiodM4wIu/3HbNcl0="
        },
        "bytebuffer": {
            "version": "3.5.5",
            "resolved": "https://registry.npmjs.org/bytebuffer/-/bytebuffer-3.5.5.tgz",
            "integrity": "sha1-em+vGhNRSwg/H8+VQcTJv75+f9M=",
            "requires": {
                "bufferview": "1.0.1",
                "long": "2.4.0"
            }
        },
        "castv2": {
            "version": "0.1.9",
            "resolved": "https://registry.npmjs.org/castv2/-/castv2-0.1.9.tgz",
            "integrity": "sha1-0LD6sf0GsNnMpjaIZxbsEpOlkFo=",
            "requires": {
                "debug": "2.6.9",
                "protobufjs": "3.8.2"
            },
            "dependencies": {
                "debug": {
                    "version": "2.6.9",
                    "resolved": "https://registry.npmjs.org/debug/-/debug-2.6.9.tgz",
                    "integrity": "sha512-bC7ElrdJaJnPbAP+1EotYvqZsb3ecl5wi6Bfi6BJTUcNowp6cvspg0jXznRTKDjm/E7AdgFBVeAPVMNcKGsHMA==",
                    "requires": {
                        "ms": "2.0.0"
                    }
                }
            }
        },
        "colour": {
            "version": "0.7.1",
            "resolved": "https://registry.npmjs.org/colour/-/colour-0.7.1.tgz",
            "integrity": "sha1-nLFpkX7F0SwHNtPoaFdG3xyt93g="
        },
        "debug": {
            "version": "3.1.0",
            "resolved": "https://registry.npmjs.org/debug/-/debug-3.1.0.tgz",
            "integrity": "sha512-OX8XqP7/1a9cqkxYw2yXss15f26NKWBpDXQd0/uK/KPqdQhxbPa994hnzjcE2VqQpDslf55723cKPUOGSmMY3g==",
            "requires": {
                "ms": "2.0.0"
            }
        },
        "dns-js": {
            "version": "0.2.1",
            "resolved": "https://registry.npmjs.org/dns-js/-/dns-js-0.2.1.tgz",
            "integrity": "sha1-XWZimzwOal6w4U8K5wHQX26kZnM=",
            "requires": {
                "debug": "2.6.9",
                "qap": "3.3.1"
            },
            "dependencies": {
                "debug": {
                    "version": "2.6.9",
                    "resolved": "https://registry.npmjs.org/debug/-/debug-2.6.9.tgz",
                    "integrity": "sha512-bC7ElrdJaJnPbAP+1EotYvqZsb3ecl5wi6Bfi6BJTUcNowp6cvspg0jXznRTKDjm/E7AdgFBVeAPVMNcKGsHMA==",
                    "requires": {
                        "ms": "2.0.0"
                    }
                }
            }
        },
        "long": {
            "version": "2.4.0",
            "resolved": "https://registry.npmjs.org/long/-/long-2.4.0.tgz",
            "integrity": "sha1-n6GAux2VAM3CnEFWdmoZleH0Uk8="
        },
        "mdns-js": {
            "version": "0.5.3",
            "resolved": "https://registry.npmjs.org/mdns-js/-/mdns-js-0.5.3.tgz",
            "integrity": "sha1-rdKVjTmTGbbY8t3im+usXoRei20=",
            "requires": {
                "debug": "2.6.9",
                "dns-js": "0.2.1",
                "semver": "5.1.1"
            },
            "dependencies": {
                "debug": {
                    "version": "2.6.9",
                    "resolved": "https://registry.npmjs.org/debug/-/debug-2.6.9.tgz",
                    "integrity": "sha512-bC7ElrdJaJnPbAP+1EotYvqZsb3ecl5wi6Bfi6BJTUcNowp6cvspg0jXznRTKDjm/E7AdgFBVeAPVMNcKGsHMA==",
                    "requires": {
                        "ms": "2.0.0"
                    }
                }
            }
        },
        "ms": {
            "version": "2.0.0",
            "resolved": "https://registry.npmjs.org/ms/-/ms-2.0.0.tgz",
            "integrity": "sha1-VgiurfwAvmwpAd9fmGF4jeDVl8g="
        },
        "optjs": {
            "version": "3.2.2",
            "resolved": "https://registry.npmjs.org/optjs/-/optjs-3.2.2.tgz",
            "integrity": "sha1-aabOicRCpEQDFBrS+bNwvVu29O4="
        },
        "protobufjs": {
            "version": "3.8.2",
            "resolved": "https://registry.npmjs.org/protobufjs/-/protobufjs-3.8.2.tgz",
            "integrity": "sha1-vIJuNMOvRpfo0K96Zp5NYSrtzRc=",
            "requires": {
                "ascli": "0.3.0",
                "bytebuffer": "3.5.5"
            }
        },
        "qap": {
            "version": "3.3.1",
            "resolved": "https://registry.npmjs.org/qap/-/qap-3.3.1.tgz",
            "integrity": "sha1-Efno+oiQ/ny5khDA9E0GE7c3LKw="
        },
        "semver": {
            "version": "5.1.1",
            "resolved": "https://registry.npmjs.org/semver/-/semver-5.1.1.tgz",
            "integrity": "sha1-oykqNz5vPgeY2gsgZBuanFvEfhk="
        },
        "typescript": {
            "version": "3.0.1",
            "resolved": "https://registry.npmjs.org/typescript/-/typescript-3.0.1.tgz",
            "integrity": "sha512-zQIMOmC+372pC/CCVLqnQ0zSBiY7HHodU7mpQdjiZddek4GMj31I3dUJ7gAs9o65X7mnRma6OokOkc6f9jjfBg==",
            "dev": true
        }
    }
}
