{
    "name": "castv2-device-monitor",
    "version": "1.0.0",
    "lockfileVersion": 1,
    "dependencies": {
        "@types/debug": {
            "version": "0.0.29",
            "resolved": "https://registry.npmjs.org/@types/debug/-/debug-0.0.29.tgz",
            "integrity": "sha1-oeUUrfvZLwOiJLpU1pMRHb8fN1Q=",
            "dev": true
        },
        "@types/node": {
            "version": "8.0.17",
            "resolved": "https://registry.npmjs.org/@types/node/-/node-8.0.17.tgz",
            "integrity": "sha512-iq0LxqG6P9GV/2bVA2AQAQ58NvneLdVDVs9dJ+88Jk6gDK9opNC0SushdYqlAyvxo0dk0NJjTKCenq/l3AKtuA==",
            "dev": true
        },
        "ascli": {
            "version": "0.3.0",
            "resolved": "https://registry.npmjs.org/ascli/-/ascli-0.3.0.tgz",
            "integrity": "sha1-XmYjDlIZ/j6JUqTvtPIPrllqgTo="
        },
        "bindings": {
            "version": "1.2.1",
            "resolved": "https://registry.npmjs.org/bindings/-/bindings-1.2.1.tgz",
            "integrity": "sha1-FK1hE4EtLTfXLme0ystLtyZQXxE="
        },
        "bufferview": {
            "version": "1.0.1",
            "resolved": "https://registry.npmjs.org/bufferview/-/bufferview-1.0.1.tgz",
            "integrity": "sha1-ev10pF+Tf6QiodM4wIu/3HbNcl0="
        },
        "bytebuffer": {
            "version": "3.5.5",
            "resolved": "https://registry.npmjs.org/bytebuffer/-/bytebuffer-3.5.5.tgz",
            "integrity": "sha1-em+vGhNRSwg/H8+VQcTJv75+f9M="
        },
        "castv2": {
            "version": "0.1.9",
            "resolved": "https://registry.npmjs.org/castv2/-/castv2-0.1.9.tgz",
            "integrity": "sha1-0LD6sf0GsNnMpjaIZxbsEpOlkFo="
        },
        "castv2-client": {
            "version": "1.2.0",
            "resolved": "https://registry.npmjs.org/castv2-client/-/castv2-client-1.2.0.tgz",
            "integrity": "sha1-qRk7GlRIuMuaBBW9AhyIEe17BUQ="
        },
        "colour": {
            "version": "0.7.1",
            "resolved": "https://registry.npmjs.org/colour/-/colour-0.7.1.tgz",
            "integrity": "sha1-nLFpkX7F0SwHNtPoaFdG3xyt93g="
        },
        "debug": {
            "version": "2.6.8",
            "resolved": "https://registry.npmjs.org/debug/-/debug-2.6.8.tgz",
            "integrity": "sha1-5zFTHKLt4n0YgiJCfaF4IdaP9Pw="
        },
        "long": {
            "version": "2.4.0",
            "resolved": "https://registry.npmjs.org/long/-/long-2.4.0.tgz",
            "integrity": "sha1-n6GAux2VAM3CnEFWdmoZleH0Uk8="
        },
        "mdns": {
            "version": "2.3.3",
            "resolved": "https://registry.npmjs.org/mdns/-/mdns-2.3.3.tgz",
            "integrity": "sha1-u8atVAeiMBM9YuDaaS8p8L1Jco4="
        },
        "ms": {
            "version": "2.0.0",
            "resolved": "https://registry.npmjs.org/ms/-/ms-2.0.0.tgz",
            "integrity": "sha1-VgiurfwAvmwpAd9fmGF4jeDVl8g="
        },
        "nan": {
            "version": "2.3.5",
            "resolved": "https://registry.npmjs.org/nan/-/nan-2.3.5.tgz",
            "integrity": "sha1-gioNwmYpDOTNOhIoLKPn42Rmigg="
        },
        "optjs": {
            "version": "3.2.2",
            "resolved": "https://registry.npmjs.org/optjs/-/optjs-3.2.2.tgz",
            "integrity": "sha1-aabOicRCpEQDFBrS+bNwvVu29O4="
        },
        "protobufjs": {
            "version": "3.8.2",
            "resolved": "https://registry.npmjs.org/protobufjs/-/protobufjs-3.8.2.tgz",
            "integrity": "sha1-vIJuNMOvRpfo0K96Zp5NYSrtzRc="
        },
        "typescript": {
            "version": "2.4.2",
            "resolved": "https://registry.npmjs.org/typescript/-/typescript-2.4.2.tgz",
            "integrity": "sha1-+DlfhdRZJ2BnyYiqQYN6j4KHCEQ=",
            "dev": true
        }
    }
}
